hash: 275125971ac27ddabdc2e6c46b211349d26061c7aaf0ae86c72695dc56d974fa
updated: 2016-07-17T23:38:36.5459253+02:00
imports:
- name: github.com/antonholmquist/jason
  version: 423803175a265e07c3f35cd8faf009eac345efb8
  subpackages:
  - github.com\antonholmquist\jason
- name: github.com/fatih/structs
  version: be738c8546f55b34e60125afa50ed73a9a9c460e
  subpackages:
  - github.com\fatih\structs
- name: github.com/go-yaml/yaml
  version: e4d366fc3c7938e2958e662b4258c7a89e1f0e3e
  subpackages:
  - github.com\go-yaml\yaml
- name: github.com/gorilla/context
  version: aed02d124ae4a0e94fea4541c8effd05bf0c8296
  subpackages:
  - github.com\gorilla\context
- name: github.com/gorilla/mux
  version: 9fa818a44c2bf1396a17f9d5a3c0f6dd39d2ff8e
  subpackages:
  - github.com\gorilla\mux
- name: github.com/pkg/profile
  version: 7b053ad66e2a49baca9cc97b982dcea0e182bda4
  subpackages:
  - github.com\pkg\profile
- name: github.com/rcrowley/go-metrics
  version: cfa5a85e9f0abbdf1701b59082c36fc7bff10759
  subpackages:
  - github.com\rcrowley\go-metrics
  - github.com\rcrowley\go-metrics\exp
- name: github.com/uber-go/atomic
  version: e682c1008ac17bf26d2e4b5ad6cdd08520ed0b22
  subpackages:
  - github.com\uber-go\atomic
- name: github.com/uber-go/zap
  version: 63d56df197a79e16899d69b6a7665cb9b7c8ea99
  subpackages:
  - github.com\uber-go\zap
devImports: []
